
Microsoft Visual Studio Solution File, Format Version 12.00
# Visual Studio 15
VisualStudioVersion = 15.0.28307.705
MinimumVisualStudioVersion = 10.0.40219.1
Project("{FAE04EC0-301F-11D3-BF4B-00C04F79EFBC}") = "App02_TipoPaginaXF.Android", "App02_TipoPaginaXF\App02_TipoPaginaXF.Android\App02_TipoPaginaXF.Android.csproj", "{BF07474D-A38D-48A8-ACD8-EDD6392E691B}"
EndProject
Project("{FAE04EC0-301F-11D3-BF4B-00C04F79EFBC}") = "App02_TipoPaginaXF.iOS", "App02_TipoPaginaXF\App02_TipoPaginaXF.iOS\App02_TipoPaginaXF.iOS.csproj", "{F703668A-8486-44BE-8325-A3E3884619BE}"
EndProject
Project("{FAE04EC0-301F-11D3-BF4B-00C04F79EFBC}") = "App02_TipoPaginaXF.UWP", "App02_TipoPaginaXF\App02_TipoPaginaXF.UWP\App02_TipoPaginaXF.UWP.csproj", "{6A281B65-238A-4783-B917-A91C6D4E98CB}"
EndProject
Project("{FAE04EC0-301F-11D3-BF4B-00C04F79EFBC}") = "App02_TipoPaginaXF", "App02_TipoPaginaXF\App02_TipoPaginaXF\App02_TipoPaginaXF.csproj", "{45C32181-39F1-4B95-8D44-84D7C19C4F7B}"
EndProject
Global
	GlobalSection(SolutionConfigurationPlatforms) = preSolution
		Ad-Hoc|Any CPU = Ad-Hoc|Any CPU
		Ad-Hoc|ARM = Ad-Hoc|ARM
		Ad-Hoc|iPhone = Ad-Hoc|iPhone
		Ad-Hoc|iPhoneSimulator = Ad-Hoc|iPhoneSimulator
		Ad-Hoc|x64 = Ad-Hoc|x64
		Ad-Hoc|x86 = Ad-Hoc|x86
		AppStore|Any CPU = AppStore|Any CPU
		AppStore|ARM = AppStore|ARM
		AppStore|iPhone = AppStore|iPhone
		AppStore|iPhoneSimulator = AppStore|iPhoneSimulator
		AppStore|x64 = AppStore|x64
		AppStore|x86 = AppStore|x86
		Debug|Any CPU = Debug|Any CPU
		Debug|ARM = Debug|ARM
		Debug|iPhone = Debug|iPhone
		Debug|iPhoneSimulator = Debug|iPhoneSimulator
		Debug|x64 = Debug|x64
		Debug|x86 = Debug|x86
		Release|Any CPU = Release|Any CPU
		Release|ARM = Release|ARM
		Release|iPhone = Release|iPhone
		Release|iPhoneSimulator = Release|iPhoneSimulator
		Release|x64 = Release|x64
		Release|x86 = Release|x86
	EndGlobalSection
	GlobalSection(ProjectConfigurationPlatforms) = postSolution
		{BF07474D-A38D-48A8-ACD8-EDD6392E691B}.Ad-Hoc|Any CPU.ActiveCfg = Release|Any CPU
		{BF07474D-A38D-48A8-ACD8-EDD6392E691B}.Ad-Hoc|Any CPU.Build.0 = Release|Any CPU
		{BF07474D-A38D-48A8-ACD8-EDD6392E691B}.Ad-Hoc|Any CPU.Deploy.0 = Release|Any CPU
		{BF07474D-A38D-48A8-ACD8-EDD6392E691B}.Ad-Hoc|ARM.ActiveCfg = Release|Any CPU
		{BF07474D-A38D-48A8-ACD8-EDD6392E691B}.Ad-Hoc|ARM.Build.0 = Release|Any CPU
		{BF07474D-A38D-48A8-ACD8-EDD6392E691B}.Ad-Hoc|ARM.Deploy.0 = Release|Any CPU
		{BF07474D-A38D-48A8-ACD8-EDD6392E691B}.Ad-Hoc|iPhone.ActiveCfg = Release|Any CPU
		{BF07474D-A38D-48A8-ACD8-EDD6392E691B}.Ad-Hoc|iPhone.Build.0 = Release|Any CPU
		{BF07474D-A38D-48A8-ACD8-EDD6392E691B}.Ad-Hoc|iPhone.Deploy.0 = Release|Any CPU
		{BF07474D-A38D-48A8-ACD8-EDD6392E691B}.Ad-Hoc|iPhoneSimulator.ActiveCfg = Release|Any CPU
		{BF07474D-A38D-48A8-ACD8-EDD6392E691B}.Ad-Hoc|iPhoneSimulator.Build.0 = Release|Any CPU
		{BF07474D-A38D-48A8-ACD8-EDD6392E691B}.Ad-Hoc|iPhoneSimulator.Deploy.0 = Release|Any CPU
		{BF07474D-A38D-48A8-ACD8-EDD6392E691B}.Ad-Hoc|x64.ActiveCfg = Release|Any CPU
		{BF07474D-A38D-48A8-ACD8-EDD6392E691B}.Ad-Hoc|x64.Build.0 = Release|Any CPU
		{BF07474D-A38D-48A8-ACD8-EDD6392E691B}.Ad-Hoc|x64.Deploy.0 = Release|Any CPU
		{BF07474D-A38D-48A8-ACD8-EDD6392E691B}.Ad-Hoc|x86.ActiveCfg = Release|Any CPU
		{BF07474D-A38D-48A8-ACD8-EDD6392E691B}.Ad-Hoc|x86.Build.0 = Release|Any CPU
		{BF07474D-A38D-48A8-ACD8-EDD6392E691B}.Ad-Hoc|x86.Deploy.0 = Release|Any CPU
		{BF07474D-A38D-48A8-ACD8-EDD6392E691B}.AppStore|Any CPU.ActiveCfg = Release|Any CPU
		{BF07474D-A38D-48A8-ACD8-EDD6392E691B}.AppStore|Any CPU.Build.0 = Release|Any CPU
		{BF07474D-A38D-48A8-ACD8-EDD6392E691B}.AppStore|Any CPU.Deploy.0 = Release|Any CPU
		{BF07474D-A38D-48A8-ACD8-EDD6392E691B}.AppStore|ARM.ActiveCfg = Release|Any CPU
		{BF07474D-A38D-48A8-ACD8-EDD6392E691B}.AppStore|ARM.Build.0 = Release|Any CPU
		{BF07474D-A38D-48A8-ACD8-EDD6392E691B}.AppStore|ARM.Deploy.0 = Release|Any CPU
		{BF07474D-A38D-48A8-ACD8-EDD6392E691B}.AppStore|iPhone.ActiveCfg = Release|Any CPU
		{BF07474D-A38D-48A8-ACD8-EDD6392E691B}.AppStore|iPhone.Build.0 = Release|Any CPU
		{BF07474D-A38D-48A8-ACD8-EDD6392E691B}.AppStore|iPhone.Deploy.0 = Release|Any CPU
		{BF07474D-A38D-48A8-ACD8-EDD6392E691B}.AppStore|iPhoneSimulator.ActiveCfg = Release|Any CPU
		{BF07474D-A38D-48A8-ACD8-EDD6392E691B}.AppStore|iPhoneSimulator.Build.0 = Release|Any CPU
		{BF07474D-A38D-48A8-ACD8-EDD6392E691B}.AppStore|iPhoneSimulator.Deploy.0 = Release|Any CPU
		{BF07474D-A38D-48A8-ACD8-EDD6392E691B}.AppStore|x64.ActiveCfg = Release|Any CPU
		{BF07474D-A38D-48A8-ACD8-EDD6392E691B}.AppStore|x64.Build.0 = Release|Any CPU
		{BF07474D-A38D-48A8-ACD8-EDD6392E691B}.AppStore|x64.Deploy.0 = Release|Any CPU
		{BF07474D-A38D-48A8-ACD8-EDD6392E691B}.AppStore|x86.ActiveCfg = Release|Any CPU
		{BF07474D-A38D-48A8-ACD8-EDD6392E691B}.AppStore|x86.Build.0 = Release|Any CPU
		{BF07474D-A38D-48A8-ACD8-EDD6392E691B}.AppStore|x86.Deploy.0 = Release|Any CPU
		{BF07474D-A38D-48A8-ACD8-EDD6392E691B}.Debug|Any CPU.ActiveCfg = Debug|Any CPU
		{BF07474D-A38D-48A8-ACD8-EDD6392E691B}.Debug|Any CPU.Build.0 = Debug|Any CPU
		{BF07474D-A38D-48A8-ACD8-EDD6392E691B}.Debug|Any CPU.Deploy.0 = Debug|Any CPU
		{BF07474D-A38D-48A8-ACD8-EDD6392E691B}.Debug|ARM.ActiveCfg = Debug|Any CPU
		{BF07474D-A38D-48A8-ACD8-EDD6392E691B}.Debug|ARM.Build.0 = Debug|Any CPU
		{BF07474D-A38D-48A8-ACD8-EDD6392E691B}.Debug|ARM.Deploy.0 = Debug|Any CPU
		{BF07474D-A38D-48A8-ACD8-EDD6392E691B}.Debug|iPhone.ActiveCfg = Debug|Any CPU
		{BF07474D-A38D-48A8-ACD8-EDD6392E691B}.Debug|iPhone.Build.0 = Debug|Any CPU
		{BF07474D-A38D-48A8-ACD8-EDD6392E691B}.Debug|iPhone.Deploy.0 = Debug|Any CPU
		{BF07474D-A38D-48A8-ACD8-EDD6392E691B}.Debug|iPhoneSimulator.ActiveCfg = Debug|Any CPU
		{BF07474D-A38D-48A8-ACD8-EDD6392E691B}.Debug|iPhoneSimulator.Build.0 = Debug|Any CPU
		{BF07474D-A38D-48A8-ACD8-EDD6392E691B}.Debug|iPhoneSimulator.Deploy.0 = Debug|Any CPU
		{BF07474D-A38D-48A8-ACD8-EDD6392E691B}.Debug|x64.ActiveCfg = Debug|Any CPU
		{BF07474D-A38D-48A8-ACD8-EDD6392E691B}.Debug|x64.Build.0 = Debug|Any CPU
		{BF07474D-A38D-48A8-ACD8-EDD6392E691B}.Debug|x64.Deploy.0 = Debug|Any CPU
		{BF07474D-A38D-48A8-ACD8-EDD6392E691B}.Debug|x86.ActiveCfg = Debug|Any CPU
		{BF07474D-A38D-48A8-ACD8-EDD6392E691B}.Debug|x86.Build.0 = Debug|Any CPU
		{BF07474D-A38D-48A8-ACD8-EDD6392E691B}.Debug|x86.Deploy.0 = Debug|Any CPU
		{BF07474D-A38D-48A8-ACD8-EDD6392E691B}.Release|Any CPU.ActiveCfg = Release|Any CPU
		{BF07474D-A38D-48A8-ACD8-EDD6392E691B}.Release|Any CPU.Build.0 = Release|Any CPU
		{BF07474D-A38D-48A8-ACD8-EDD6392E691B}.Release|Any CPU.Deploy.0 = Release|Any CPU
		{BF07474D-A38D-48A8-ACD8-EDD6392E691B}.Release|ARM.ActiveCfg = Release|Any CPU
		{BF07474D-A38D-48A8-ACD8-EDD6392E691B}.Release|ARM.Build.0 = Release|Any CPU
		{BF07474D-A38D-48A8-ACD8-EDD6392E691B}.Release|ARM.Deploy.0 = Release|Any CPU
		{BF07474D-A38D-48A8-ACD8-EDD6392E691B}.Release|iPhone.ActiveCfg = Release|Any CPU
		{BF07474D-A38D-48A8-ACD8-EDD6392E691B}.Release|iPhone.Build.0 = Release|Any CPU
		{BF07474D-A38D-48A8-ACD8-EDD6392E691B}.Release|iPhone.Deploy.0 = Release|Any CPU
		{BF07474D-A38D-48A8-ACD8-EDD6392E691B}.Release|iPhoneSimulator.ActiveCfg = Release|Any CPU
		{BF07474D-A38D-48A8-ACD8-EDD6392E691B}.Release|iPhoneSimulator.Build.0 = Release|Any CPU
		{BF07474D-A38D-48A8-ACD8-EDD6392E691B}.Release|iPhoneSimulator.Deploy.0 = Release|Any CPU
		{BF07474D-A38D-48A8-ACD8-EDD6392E691B}.Release|x64.ActiveCfg = Release|Any CPU
		{BF07474D-A38D-48A8-ACD8-EDD6392E691B}.Release|x64.Build.0 = Release|Any CPU
		{BF07474D-A38D-48A8-ACD8-EDD6392E691B}.Release|x64.Deploy.0 = Release|Any CPU
		{BF07474D-A38D-48A8-ACD8-EDD6392E691B}.Release|x86.ActiveCfg = Release|Any CPU
		{BF07474D-A38D-48A8-ACD8-EDD6392E691B}.Release|x86.Build.0 = Release|Any CPU
		{BF07474D-A38D-48A8-ACD8-EDD6392E691B}.Release|x86.Deploy.0 = Release|Any CPU
		{F703668A-8486-44BE-8325-A3E3884619BE}.Ad-Hoc|Any CPU.ActiveCfg = Ad-Hoc|iPhone
		{F703668A-8486-44BE-8325-A3E3884619BE}.Ad-Hoc|Any CPU.Build.0 = Ad-Hoc|iPhone
		{F703668A-8486-44BE-8325-A3E3884619BE}.Ad-Hoc|Any CPU.Deploy.0 = Ad-Hoc|iPhone
		{F703668A-8486-44BE-8325-A3E3884619BE}.Ad-Hoc|ARM.ActiveCfg = Ad-Hoc|iPhone
		{F703668A-8486-44BE-8325-A3E3884619BE}.Ad-Hoc|ARM.Build.0 = Ad-Hoc|iPhone
		{F703668A-8486-44BE-8325-A3E3884619BE}.Ad-Hoc|ARM.Deploy.0 = Ad-Hoc|iPhone
		{F703668A-8486-44BE-8325-A3E3884619BE}.Ad-Hoc|iPhone.ActiveCfg = Ad-Hoc|iPhone
		{F703668A-8486-44BE-8325-A3E3884619BE}.Ad-Hoc|iPhone.Build.0 = Ad-Hoc|iPhone
		{F703668A-8486-44BE-8325-A3E3884619BE}.Ad-Hoc|iPhone.Deploy.0 = Ad-Hoc|iPhone
		{F703668A-8486-44BE-8325-A3E3884619BE}.Ad-Hoc|iPhoneSimulator.ActiveCfg = Ad-Hoc|iPhoneSimulator
		{F703668A-8486-44BE-8325-A3E3884619BE}.Ad-Hoc|iPhoneSimulator.Build.0 = Ad-Hoc|iPhoneSimulator
		{F703668A-8486-44BE-8325-A3E3884619BE}.Ad-Hoc|iPhoneSimulator.Deploy.0 = Ad-Hoc|iPhoneSimulator
		{F703668A-8486-44BE-8325-A3E3884619BE}.Ad-Hoc|x64.ActiveCfg = Ad-Hoc|iPhone
		{F703668A-8486-44BE-8325-A3E3884619BE}.Ad-Hoc|x64.Build.0 = Ad-Hoc|iPhone
		{F703668A-8486-44BE-8325-A3E3884619BE}.Ad-Hoc|x64.Deploy.0 = Ad-Hoc|iPhone
		{F703668A-8486-44BE-8325-A3E3884619BE}.Ad-Hoc|x86.ActiveCfg = Ad-Hoc|iPhone
		{F703668A-8486-44BE-8325-A3E3884619BE}.Ad-Hoc|x86.Build.0 = Ad-Hoc|iPhone
		{F703668A-8486-44BE-8325-A3E3884619BE}.Ad-Hoc|x86.Deploy.0 = Ad-Hoc|iPhone
		{F703668A-8486-44BE-8325-A3E3884619BE}.AppStore|Any CPU.ActiveCfg = AppStore|iPhone
		{F703668A-8486-44BE-8325-A3E3884619BE}.AppStore|Any CPU.Build.0 = AppStore|iPhone
		{F703668A-8486-44BE-8325-A3E3884619BE}.AppStore|Any CPU.Deploy.0 = AppStore|iPhone
		{F703668A-8486-44BE-8325-A3E3884619BE}.AppStore|ARM.ActiveCfg = AppStore|iPhone
		{F703668A-8486-44BE-8325-A3E3884619BE}.AppStore|ARM.Build.0 = AppStore|iPhone
		{F703668A-8486-44BE-8325-A3E3884619BE}.AppStore|ARM.Deploy.0 = AppStore|iPhone
		{F703668A-8486-44BE-8325-A3E3884619BE}.AppStore|iPhone.ActiveCfg = AppStore|iPhone
		{F703668A-8486-44BE-8325-A3E3884619BE}.AppStore|iPhone.Build.0 = AppStore|iPhone
		{F703668A-8486-44BE-8325-A3E3884619BE}.AppStore|iPhone.Deploy.0 = AppStore|iPhone
		{F703668A-8486-44BE-8325-A3E3884619BE}.AppStore|iPhoneSimulator.ActiveCfg = AppStore|iPhoneSimulator
		{F703668A-8486-44BE-8325-A3E3884619BE}.AppStore|iPhoneSimulator.Build.0 = AppStore|iPhoneSimulator
		{F703668A-8486-44BE-8325-A3E3884619BE}.AppStore|iPhoneSimulator.Deploy.0 = AppStore|iPhoneSimulator
		{F703668A-8486-44BE-8325-A3E3884619BE}.AppStore|x64.ActiveCfg = AppStore|iPhone
		{F703668A-8486-44BE-8325-A3E3884619BE}.AppStore|x64.Build.0 = AppStore|iPhone
		{F703668A-8486-44BE-8325-A3E3884619BE}.AppStore|x64.Deploy.0 = AppStore|iPhone
		{F703668A-8486-44BE-8325-A3E3884619BE}.AppStore|x86.ActiveCfg = AppStore|iPhone
		{F703668A-8486-44BE-8325-A3E3884619BE}.AppStore|x86.Build.0 = AppStore|iPhone
		{F703668A-8486-44BE-8325-A3E3884619BE}.AppStore|x86.Deploy.0 = AppStore|iPhone
		{F703668A-8486-44BE-8325-A3E3884619BE}.Debug|Any CPU.ActiveCfg = Debug|iPhoneSimulator
		{F703668A-8486-44BE-8325-A3E3884619BE}.Debug|Any CPU.Build.0 = Debug|iPhoneSimulator
		{F703668A-8486-44BE-8325-A3E3884619BE}.Debug|Any CPU.Deploy.0 = Debug|iPhoneSimulator
		{F703668A-8486-44BE-8325-A3E3884619BE}.Debug|ARM.ActiveCfg = Debug|iPhone
		{F703668A-8486-44BE-8325-A3E3884619BE}.Debug|ARM.Build.0 = Debug|iPhone
		{F703668A-8486-44BE-8325-A3E3884619BE}.Debug|ARM.Deploy.0 = Debug|iPhone
		{F703668A-8486-44BE-8325-A3E3884619BE}.Debug|iPhone.ActiveCfg = Debug|iPhone
		{F703668A-8486-44BE-8325-A3E3884619BE}.Debug|iPhone.Build.0 = Debug|iPhone
		{F703668A-8486-44BE-8325-A3E3884619BE}.Debug|iPhone.Deploy.0 = Debug|iPhone
		{F703668A-8486-44BE-8325-A3E3884619BE}.Debug|iPhoneSimulator.ActiveCfg = Debug|iPhoneSimulator
		{F703668A-8486-44BE-8325-A3E3884619BE}.Debug|iPhoneSimulator.Build.0 = Debug|iPhoneSimulator
		{F703668A-8486-44BE-8325-A3E3884619BE}.Debug|iPhoneSimulator.Deploy.0 = Debug|iPhoneSimulator
		{F703668A-8486-44BE-8325-A3E3884619BE}.Debug|x64.ActiveCfg = Debug|iPhone
		{F703668A-8486-44BE-8325-A3E3884619BE}.Debug|x64.Build.0 = Debug|iPhone
		{F703668A-8486-44BE-8325-A3E3884619BE}.Debug|x64.Deploy.0 = Debug|iPhone
		{F703668A-8486-44BE-8325-A3E3884619BE}.Debug|x86.ActiveCfg = Debug|iPhone
		{F703668A-8486-44BE-8325-A3E3884619BE}.Debug|x86.Build.0 = Debug|iPhone
		{F703668A-8486-44BE-8325-A3E3884619BE}.Debug|x86.Deploy.0 = Debug|iPhone
		{F703668A-8486-44BE-8325-A3E3884619BE}.Release|Any CPU.ActiveCfg = Release|iPhone
		{F703668A-8486-44BE-8325-A3E3884619BE}.Release|Any CPU.Build.0 = Release|iPhone
		{F703668A-8486-44BE-8325-A3E3884619BE}.Release|Any CPU.Deploy.0 = Release|iPhone
		{F703668A-8486-44BE-8325-A3E3884619BE}.Release|ARM.ActiveCfg = Release|iPhone
		{F703668A-8486-44BE-8325-A3E3884619BE}.Release|ARM.Build.0 = Release|iPhone
		{F703668A-8486-44BE-8325-A3E3884619BE}.Release|ARM.Deploy.0 = Release|iPhone
		{F703668A-8486-44BE-8325-A3E3884619BE}.Release|iPhone.ActiveCfg = Release|iPhone
		{F703668A-8486-44BE-8325-A3E3884619BE}.Release|iPhone.Build.0 = Release|iPhone
		{F703668A-8486-44BE-8325-A3E3884619BE}.Release|iPhone.Deploy.0 = Release|iPhone
		{F703668A-8486-44BE-8325-A3E3884619BE}.Release|iPhoneSimulator.ActiveCfg = Release|iPhoneSimulator
		{F703668A-8486-44BE-8325-A3E3884619BE}.Release|iPhoneSimulator.Build.0 = Release|iPhoneSimulator
		{F703668A-8486-44BE-8325-A3E3884619BE}.Release|iPhoneSimulator.Deploy.0 = Release|iPhoneSimulator
		{F703668A-8486-44BE-8325-A3E3884619BE}.Release|x64.ActiveCfg = Release|iPhone
		{F703668A-8486-44BE-8325-A3E3884619BE}.Release|x64.Build.0 = Release|iPhone
		{F703668A-8486-44BE-8325-A3E3884619BE}.Release|x64.Deploy.0 = Release|iPhone
		{F703668A-8486-44BE-8325-A3E3884619BE}.Release|x86.ActiveCfg = Release|iPhone
		{F703668A-8486-44BE-8325-A3E3884619BE}.Release|x86.Build.0 = Release|iPhone
		{F703668A-8486-44BE-8325-A3E3884619BE}.Release|x86.Deploy.0 = Release|iPhone
		{6A281B65-238A-4783-B917-A91C6D4E98CB}.Ad-Hoc|Any CPU.ActiveCfg = Release|x86
		{6A281B65-238A-4783-B917-A91C6D4E98CB}.Ad-Hoc|Any CPU.Build.0 = Release|x86
		{6A281B65-238A-4783-B917-A91C6D4E98CB}.Ad-Hoc|Any CPU.Deploy.0 = Release|x86
		{6A281B65-238A-4783-B917-A91C6D4E98CB}.Ad-Hoc|ARM.ActiveCfg = Release|ARM
		{6A281B65-238A-4783-B917-A91C6D4E98CB}.Ad-Hoc|ARM.Build.0 = Release|ARM
		{6A281B65-238A-4783-B917-A91C6D4E98CB}.Ad-Hoc|ARM.Deploy.0 = Release|ARM
		{6A281B65-238A-4783-B917-A91C6D4E98CB}.Ad-Hoc|iPhone.ActiveCfg = Release|x86
		{6A281B65-238A-4783-B917-A91C6D4E98CB}.Ad-Hoc|iPhone.Build.0 = Release|x86
		{6A281B65-238A-4783-B917-A91C6D4E98CB}.Ad-Hoc|iPhone.Deploy.0 = Release|x86
		{6A281B65-238A-4783-B917-A91C6D4E98CB}.Ad-Hoc|iPhoneSimulator.ActiveCfg = Release|x86
		{6A281B65-238A-4783-B917-A91C6D4E98CB}.Ad-Hoc|iPhoneSimulator.Build.0 = Release|x86
		{6A281B65-238A-4783-B917-A91C6D4E98CB}.Ad-Hoc|iPhoneSimulator.Deploy.0 = Release|x86
		{6A281B65-238A-4783-B917-A91C6D4E98CB}.Ad-Hoc|x64.ActiveCfg = Release|x64
		{6A281B65-238A-4783-B917-A91C6D4E98CB}.Ad-Hoc|x64.Build.0 = Release|x64
		{6A281B65-238A-4783-B917-A91C6D4E98CB}.Ad-Hoc|x64.Deploy.0 = Release|x64
		{6A281B65-238A-4783-B917-A91C6D4E98CB}.Ad-Hoc|x86.ActiveCfg = Release|x86
		{6A281B65-238A-4783-B917-A91C6D4E98CB}.Ad-Hoc|x86.Build.0 = Release|x86
		{6A281B65-238A-4783-B917-A91C6D4E98CB}.Ad-Hoc|x86.Deploy.0 = Release|x86
		{6A281B65-238A-4783-B917-A91C6D4E98CB}.AppStore|Any CPU.ActiveCfg = Release|x86
		{6A281B65-238A-4783-B917-A91C6D4E98CB}.AppStore|Any CPU.Build.0 = Release|x86
		{6A281B65-238A-4783-B917-A91C6D4E98CB}.AppStore|Any CPU.Deploy.0 = Release|x86
		{6A281B65-238A-4783-B917-A91C6D4E98CB}.AppStore|ARM.ActiveCfg = Release|ARM
		{6A281B65-238A-4783-B917-A91C6D4E98CB}.AppStore|ARM.Build.0 = Release|ARM
		{6A281B65-238A-4783-B917-A91C6D4E98CB}.AppStore|ARM.Deploy.0 = Release|ARM
		{6A281B65-238A-4783-B917-A91C6D4E98CB}.AppStore|iPhone.ActiveCfg = Release|x86
		{6A281B65-238A-4783-B917-A91C6D4E98CB}.AppStore|iPhone.Build.0 = Release|x86
		{6A281B65-238A-4783-B917-A91C6D4E98CB}.AppStore|iPhone.Deploy.0 = Release|x86
		{6A281B65-238A-4783-B917-A91C6D4E98CB}.AppStore|iPhoneSimulator.ActiveCfg = Release|x86
		{6A281B65-238A-4783-B917-A91C6D4E98CB}.AppStore|iPhoneSimulator.Build.0 = Release|x86
		{6A281B65-238A-4783-B917-A91C6D4E98CB}.AppStore|iPhoneSimulator.Deploy.0 = Release|x86
		{6A281B65-238A-4783-B917-A91C6D4E98CB}.AppStore|x64.ActiveCfg = Release|x64
		{6A281B65-238A-4783-B917-A91C6D4E98CB}.AppStore|x64.Build.0 = Release|x64
		{6A281B65-238A-4783-B917-A91C6D4E98CB}.AppStore|x64.Deploy.0 = Release|x64
		{6A281B65-238A-4783-B917-A91C6D4E98CB}.AppStore|x86.ActiveCfg = Release|x86
		{6A281B65-238A-4783-B917-A91C6D4E98CB}.AppStore|x86.Build.0 = Release|x86
		{6A281B65-238A-4783-B917-A91C6D4E98CB}.AppStore|x86.Deploy.0 = Release|x86
		{6A281B65-238A-4783-B917-A91C6D4E98CB}.Debug|Any CPU.ActiveCfg = Debug|x86
		{6A281B65-238A-4783-B917-A91C6D4E98CB}.Debug|Any CPU.Build.0 = Debug|x86
		{6A281B65-238A-4783-B917-A91C6D4E98CB}.Debug|Any CPU.Deploy.0 = Debug|x86
		{6A281B65-238A-4783-B917-A91C6D4E98CB}.Debug|ARM.ActiveCfg = Debug|ARM
		{6A281B65-238A-4783-B917-A91C6D4E98CB}.Debug|ARM.Build.0 = Debug|ARM
		{6A281B65-238A-4783-B917-A91C6D4E98CB}.Debug|ARM.Deploy.0 = Debug|ARM
		{6A281B65-238A-4783-B917-A91C6D4E98CB}.Debug|iPhone.ActiveCfg = Debug|x86
		{6A281B65-238A-4783-B917-A91C6D4E98CB}.Debug|iPhone.Build.0 = Debug|x86
		{6A281B65-238A-4783-B917-A91C6D4E98CB}.Debug|iPhone.Deploy.0 = Debug|x86
		{6A281B65-238A-4783-B917-A91C6D4E98CB}.Debug|iPhoneSimulator.ActiveCfg = Debug|x86
		{6A281B65-238A-4783-B917-A91C6D4E98CB}.Debug|iPhoneSimulator.Build.0 = Debug|x86
		{6A281B65-238A-4783-B917-A91C6D4E98CB}.Debug|iPhoneSimulator.Deploy.0 = Debug|x86
		{6A281B65-238A-4783-B917-A91C6D4E98CB}.Debug|x64.ActiveCfg = Debug|x64
		{6A281B65-238A-4783-B917-A91C6D4E98CB}.Debug|x64.Build.0 = Debug|x64
		{6A281B65-238A-4783-B917-A91C6D4E98CB}.Debug|x64.Deploy.0 = Debug|x64
		{6A281B65-238A-4783-B917-A91C6D4E98CB}.Debug|x86.ActiveCfg = Debug|x86
		{6A281B65-238A-4783-B917-A91C6D4E98CB}.Debug|x86.Build.0 = Debug|x86
		{6A281B65-238A-4783-B917-A91C6D4E98CB}.Debug|x86.Deploy.0 = Debug|x86
		{6A281B65-238A-4783-B917-A91C6D4E98CB}.Release|Any CPU.ActiveCfg = Release|x86
		{6A281B65-238A-4783-B917-A91C6D4E98CB}.Release|Any CPU.Build.0 = Release|x86
		{6A281B65-238A-4783-B917-A91C6D4E98CB}.Release|Any CPU.Deploy.0 = Release|x86
		{6A281B65-238A-4783-B917-A91C6D4E98CB}.Release|ARM.ActiveCfg = Release|ARM
		{6A281B65-238A-4783-B917-A91C6D4E98CB}.Release|ARM.Build.0 = Release|ARM
		{6A281B65-238A-4783-B917-A91C6D4E98CB}.Release|ARM.Deploy.0 = Release|ARM
		{6A281B65-238A-4783-B917-A91C6D4E98CB}.Release|iPhone.ActiveCfg = Release|x86
		{6A281B65-238A-4783-B917-A91C6D4E98CB}.Release|iPhone.Build.0 = Release|x86
		{6A281B65-238A-4783-B917-A91C6D4E98CB}.Release|iPhone.Deploy.0 = Release|x86
		{6A281B65-238A-4783-B917-A91C6D4E98CB}.Release|iPhoneSimulator.ActiveCfg = Release|x86
		{6A281B65-238A-4783-B917-A91C6D4E98CB}.Release|iPhoneSimulator.Build.0 = Release|x86
		{6A281B65-238A-4783-B917-A91C6D4E98CB}.Release|iPhoneSimulator.Deploy.0 = Release|x86
		{6A281B65-238A-4783-B917-A91C6D4E98CB}.Release|x64.ActiveCfg = Release|x64
		{6A281B65-238A-4783-B917-A91C6D4E98CB}.Release|x64.Build.0 = Release|x64
		{6A281B65-238A-4783-B917-A91C6D4E98CB}.Release|x64.Deploy.0 = Release|x64
		{6A281B65-238A-4783-B917-A91C6D4E98CB}.Release|x86.ActiveCfg = Release|x86
		{6A281B65-238A-4783-B917-A91C6D4E98CB}.Release|x86.Build.0 = Release|x86
		{6A281B65-238A-4783-B917-A91C6D4E98CB}.Release|x86.Deploy.0 = Release|x86
		{45C32181-39F1-4B95-8D44-84D7C19C4F7B}.Ad-Hoc|Any CPU.ActiveCfg = Debug|Any CPU
		{45C32181-39F1-4B95-8D44-84D7C19C4F7B}.Ad-Hoc|Any CPU.Build.0 = Debug|Any CPU
		{45C32181-39F1-4B95-8D44-84D7C19C4F7B}.Ad-Hoc|Any CPU.Deploy.0 = Debug|Any CPU
		{45C32181-39F1-4B95-8D44-84D7C19C4F7B}.Ad-Hoc|ARM.ActiveCfg = Debug|Any CPU
		{45C32181-39F1-4B95-8D44-84D7C19C4F7B}.Ad-Hoc|ARM.Build.0 = Debug|Any CPU
		{45C32181-39F1-4B95-8D44-84D7C19C4F7B}.Ad-Hoc|ARM.Deploy.0 = Debug|Any CPU
		{45C32181-39F1-4B95-8D44-84D7C19C4F7B}.Ad-Hoc|iPhone.ActiveCfg = Debug|Any CPU
		{45C32181-39F1-4B95-8D44-84D7C19C4F7B}.Ad-Hoc|iPhone.Build.0 = Debug|Any CPU
		{45C32181-39F1-4B95-8D44-84D7C19C4F7B}.Ad-Hoc|iPhone.Deploy.0 = Debug|Any CPU
		{45C32181-39F1-4B95-8D44-84D7C19C4F7B}.Ad-Hoc|iPhoneSimulator.ActiveCfg = Debug|Any CPU
		{45C32181-39F1-4B95-8D44-84D7C19C4F7B}.Ad-Hoc|iPhoneSimulator.Build.0 = Debug|Any CPU
		{45C32181-39F1-4B95-8D44-84D7C19C4F7B}.Ad-Hoc|iPhoneSimulator.Deploy.0 = Debug|Any CPU
		{45C32181-39F1-4B95-8D44-84D7C19C4F7B}.Ad-Hoc|x64.ActiveCfg = Debug|Any CPU
		{45C32181-39F1-4B95-8D44-84D7C19C4F7B}.Ad-Hoc|x64.Build.0 = Debug|Any CPU
		{45C32181-39F1-4B95-8D44-84D7C19C4F7B}.Ad-Hoc|x64.Deploy.0 = Debug|Any CPU
		{45C32181-39F1-4B95-8D44-84D7C19C4F7B}.Ad-Hoc|x86.ActiveCfg = Debug|Any CPU
		{45C32181-39F1-4B95-8D44-84D7C19C4F7B}.Ad-Hoc|x86.Build.0 = Debug|Any CPU
		{45C32181-39F1-4B95-8D44-84D7C19C4F7B}.Ad-Hoc|x86.Deploy.0 = Debug|Any CPU
		{45C32181-39F1-4B95-8D44-84D7C19C4F7B}.AppStore|Any CPU.ActiveCfg = Debug|Any CPU
		{45C32181-39F1-4B95-8D44-84D7C19C4F7B}.AppStore|Any CPU.Build.0 = Debug|Any CPU
		{45C32181-39F1-4B95-8D44-84D7C19C4F7B}.AppStore|Any CPU.Deploy.0 = Debug|Any CPU
		{45C32181-39F1-4B95-8D44-84D7C19C4F7B}.AppStore|ARM.ActiveCfg = Debug|Any CPU
		{45C32181-39F1-4B95-8D44-84D7C19C4F7B}.AppStore|ARM.Build.0 = Debug|Any CPU
		{45C32181-39F1-4B95-8D44-84D7C19C4F7B}.AppStore|ARM.Deploy.0 = Debug|Any CPU
		{45C32181-39F1-4B95-8D44-84D7C19C4F7B}.AppStore|iPhone.ActiveCfg = Debug|Any CPU
		{45C32181-39F1-4B95-8D44-84D7C19C4F7B}.AppStore|iPhone.Build.0 = Debug|Any CPU
		{45C32181-39F1-4B95-8D44-84D7C19C4F7B}.AppStore|iPhone.Deploy.0 = Debug|Any CPU
		{45C32181-39F1-4B95-8D44-84D7C19C4F7B}.AppStore|iPhoneSimulator.ActiveCfg = Debug|Any CPU
		{45C32181-39F1-4B95-8D44-84D7C19C4F7B}.AppStore|iPhoneSimulator.Build.0 = Debug|Any CPU
		{45C32181-39F1-4B95-8D44-84D7C19C4F7B}.AppStore|iPhoneSimulator.Deploy.0 = Debug|Any CPU
		{45C32181-39F1-4B95-8D44-84D7C19C4F7B}.AppStore|x64.ActiveCfg = Debug|Any CPU
		{45C32181-39F1-4B95-8D44-84D7C19C4F7B}.AppStore|x64.Build.0 = Debug|Any CPU
		{45C32181-39F1-4B95-8D44-84D7C19C4F7B}.AppStore|x64.Deploy.0 = Debug|Any CPU
		{45C32181-39F1-4B95-8D44-84D7C19C4F7B}.AppStore|x86.ActiveCfg = Debug|Any CPU
		{45C32181-39F1-4B95-8D44-84D7C19C4F7B}.AppStore|x86.Build.0 = Debug|Any CPU
		{45C32181-39F1-4B95-8D44-84D7C19C4F7B}.AppStore|x86.Deploy.0 = Debug|Any CPU
		{45C32181-39F1-4B95-8D44-84D7C19C4F7B}.Debug|Any CPU.ActiveCfg = Debug|Any CPU
		{45C32181-39F1-4B95-8D44-84D7C19C4F7B}.Debug|Any CPU.Build.0 = Debug|Any CPU
		{45C32181-39F1-4B95-8D44-84D7C19C4F7B}.Debug|Any CPU.Deploy.0 = Debug|Any CPU
		{45C32181-39F1-4B95-8D44-84D7C19C4F7B}.Debug|ARM.ActiveCfg = Debug|Any CPU
		{45C32181-39F1-4B95-8D44-84D7C19C4F7B}.Debug|ARM.Build.0 = Debug|Any CPU
		{45C32181-39F1-4B95-8D44-84D7C19C4F7B}.Debug|ARM.Deploy.0 = Debug|Any CPU
		{45C32181-39F1-4B95-8D44-84D7C19C4F7B}.Debug|iPhone.ActiveCfg = Debug|Any CPU
		{45C32181-39F1-4B95-8D44-84D7C19C4F7B}.Debug|iPhone.Build.0 = Debug|Any CPU
		{45C32181-39F1-4B95-8D44-84D7C19C4F7B}.Debug|iPhone.Deploy.0 = Debug|Any CPU
		{45C32181-39F1-4B95-8D44-84D7C19C4F7B}.Debug|iPhoneSimulator.ActiveCfg = Debug|Any CPU
		{45C32181-39F1-4B95-8D44-84D7C19C4F7B}.Debug|iPhoneSimulator.Build.0 = Debug|Any CPU
		{45C32181-39F1-4B95-8D44-84D7C19C4F7B}.Debug|iPhoneSimulator.Deploy.0 = Debug|Any CPU
		{45C32181-39F1-4B95-8D44-84D7C19C4F7B}.Debug|x64.ActiveCfg = Debug|Any CPU
		{45C32181-39F1-4B95-8D44-84D7C19C4F7B}.Debug|x64.Build.0 = Debug|Any CPU
		{45C32181-39F1-4B95-8D44-84D7C19C4F7B}.Debug|x64.Deploy.0 = Debug|Any CPU
		{45C32181-39F1-4B95-8D44-84D7C19C4F7B}.Debug|x86.ActiveCfg = Debug|Any CPU
		{45C32181-39F1-4B95-8D44-84D7C19C4F7B}.Debug|x86.Build.0 = Debug|Any CPU
		{45C32181-39F1-4B95-8D44-84D7C19C4F7B}.Debug|x86.Deploy.0 = Debug|Any CPU
		{45C32181-39F1-4B95-8D44-84D7C19C4F7B}.Release|Any CPU.ActiveCfg = Release|Any CPU
		{45C32181-39F1-4B95-8D44-84D7C19C4F7B}.Release|Any CPU.Build.0 = Release|Any CPU
		{45C32181-39F1-4B95-8D44-84D7C19C4F7B}.Release|Any CPU.Deploy.0 = Release|Any CPU
		{45C32181-39F1-4B95-8D44-84D7C19C4F7B}.Release|ARM.ActiveCfg = Release|Any CPU
		{45C32181-39F1-4B95-8D44-84D7C19C4F7B}.Release|ARM.Build.0 = Release|Any CPU
		{45C32181-39F1-4B95-8D44-84D7C19C4F7B}.Release|ARM.Deploy.0 = Release|Any CPU
		{45C32181-39F1-4B95-8D44-84D7C19C4F7B}.Release|iPhone.ActiveCfg = Release|Any CPU
		{45C32181-39F1-4B95-8D44-84D7C19C4F7B}.Release|iPhone.Build.0 = Release|Any CPU
		{45C32181-39F1-4B95-8D44-84D7C19C4F7B}.Release|iPhone.Deploy.0 = Release|Any CPU
		{45C32181-39F1-4B95-8D44-84D7C19C4F7B}.Release|iPhoneSimulator.ActiveCfg = Release|Any CPU
		{45C32181-39F1-4B95-8D44-84D7C19C4F7B}.Release|iPhoneSimulator.Build.0 = Release|Any CPU
		{45C32181-39F1-4B95-8D44-84D7C19C4F7B}.Release|iPhoneSimulator.Deploy.0 = Release|Any CPU
		{45C32181-39F1-4B95-8D44-84D7C19C4F7B}.Release|x64.ActiveCfg = Release|Any CPU
		{45C32181-39F1-4B95-8D44-84D7C19C4F7B}.Release|x64.Build.0 = Release|Any CPU
		{45C32181-39F1-4B95-8D44-84D7C19C4F7B}.Release|x64.Deploy.0 = Release|Any CPU
		{45C32181-39F1-4B95-8D44-84D7C19C4F7B}.Release|x86.ActiveCfg = Release|Any CPU
		{45C32181-39F1-4B95-8D44-84D7C19C4F7B}.Release|x86.Build.0 = Release|Any CPU
		{45C32181-39F1-4B95-8D44-84D7C19C4F7B}.Release|x86.Deploy.0 = Release|Any CPU
	EndGlobalSection
	GlobalSection(SolutionProperties) = preSolution
		HideSolutionNode = FALSE
	EndGlobalSection
	GlobalSection(ExtensibilityGlobals) = postSolution
		SolutionGuid = {C0B3642C-51E5-4FAB-A84C-6ABBF551DD45}
	EndGlobalSection
EndGlobal
